
Microsoft Visual Studio Solution File, Format Version 12.00
# Visual Studio Version 16
VisualStudioVersion = 16.0.31105.61
MinimumVisualStudioVersion = 10.0.40219.1
Project("{9A19103F-16F7-4668-BE54-9A1E7A4F7556}") = "MetalTheist", "MetalTheist\MetalTheist.csproj", "{4FD22EF3-852C-4457-B5A1-72C56AA58D7D}"
EndProject
Project("{FAE04EC0-301F-11D3-BF4B-00C04F79EFBC}") = "MetalTheist.Data", "MetalTheist.Data\MetalTheist.Data.csproj", "{67A4B3D0-776F-4255-8724-DE22B2CCCB1A}"
EndProject
Project("{FAE04EC0-301F-11D3-BF4B-00C04F79EFBC}") = "MetalTheist.Core", "MetalTheist.Core\MetalTheist.Core.csproj", "{1EDDF1FE-7049-43FB-B870-9D02F1FFD5BC}"
EndProject
Global
	GlobalSection(SolutionConfigurationPlatforms) = preSolution
		Debug|Any CPU = Debug|Any CPU
		Release|Any CPU = Release|Any CPU
	EndGlobalSection
	GlobalSection(ProjectConfigurationPlatforms) = postSolution
		{4FD22EF3-852C-4457-B5A1-72C56AA58D7D}.Debug|Any CPU.ActiveCfg = Debug|Any CPU
		{4FD22EF3-852C-4457-B5A1-72C56AA58D7D}.Debug|Any CPU.Build.0 = Debug|Any CPU
		{4FD22EF3-852C-4457-B5A1-72C56AA58D7D}.Release|Any CPU.ActiveCfg = Release|Any CPU
		{4FD22EF3-852C-4457-B5A1-72C56AA58D7D}.Release|Any CPU.Build.0 = Release|Any CPU
		{67A4B3D0-776F-4255-8724-DE22B2CCCB1A}.Debug|Any CPU.ActiveCfg = Debug|Any CPU
		{67A4B3D0-776F-4255-8724-DE22B2CCCB1A}.Debug|Any CPU.Build.0 = Debug|Any CPU
		{67A4B3D0-776F-4255-8724-DE22B2CCCB1A}.Release|Any CPU.ActiveCfg = Release|Any CPU
		{67A4B3D0-776F-4255-8724-DE22B2CCCB1A}.Release|Any CPU.Build.0 = Release|Any CPU
		{1EDDF1FE-7049-43FB-B870-9D02F1FFD5BC}.Debug|Any CPU.ActiveCfg = Debug|Any CPU
		{1EDDF1FE-7049-43FB-B870-9D02F1FFD5BC}.Debug|Any CPU.Build.0 = Debug|Any CPU
		{1EDDF1FE-7049-43FB-B870-9D02F1FFD5BC}.Release|Any CPU.ActiveCfg = Release|Any CPU
		{1EDDF1FE-7049-43FB-B870-9D02F1FFD5BC}.Release|Any CPU.Build.0 = Release|Any CPU
	EndGlobalSection
	GlobalSection(SolutionProperties) = preSolution
		HideSolutionNode = FALSE
	EndGlobalSection
	GlobalSection(ExtensibilityGlobals) = postSolution
		SolutionGuid = {F7678806-1B5C-4D00-9567-739B4728B45A}
	EndGlobalSection
EndGlobal
